
Microsoft Visual Studio Solution File, Format Version 12.00
# Visual Studio 15
VisualStudioVersion = 15.0.28307.421
MinimumVisualStudioVersion = 10.0.40219.1
Project("{9A19103F-16F7-4668-BE54-9A1E7A4F7556}") = "WebApi", "WebApplication1\WebApi.csproj", "{59AA713A-60EE-4047-BBC3-62F8EBE47F61}"
EndProject
Project("{9A19103F-16F7-4668-BE54-9A1E7A4F7556}") = "Tracker", "Tracker\Tracker.csproj", "{DF1B3F6B-1074-4746-8E75-D80A442CAB01}"
EndProject
Project("{9A19103F-16F7-4668-BE54-9A1E7A4F7556}") = "TrackerTests", "TrackerTests\TrackerTests.csproj", "{A750B2E0-7BCF-44B7-B58B-AC0A2A93DFF4}"
EndProject
Project("{FAE04EC0-301F-11D3-BF4B-00C04F79EFBC}") = "MappingService", "MappingService\MappingService.csproj", "{C8C678F6-F3CD-4780-8A75-86B685E09000}"
EndProject
Global
	GlobalSection(SolutionConfigurationPlatforms) = preSolution
		Debug|Any CPU = Debug|Any CPU
		Release|Any CPU = Release|Any CPU
	EndGlobalSection
	GlobalSection(ProjectConfigurationPlatforms) = postSolution
		{59AA713A-60EE-4047-BBC3-62F8EBE47F61}.Debug|Any CPU.ActiveCfg = Debug|Any CPU
		{59AA713A-60EE-4047-BBC3-62F8EBE47F61}.Debug|Any CPU.Build.0 = Debug|Any CPU
		{59AA713A-60EE-4047-BBC3-62F8EBE47F61}.Release|Any CPU.ActiveCfg = Release|Any CPU
		{59AA713A-60EE-4047-BBC3-62F8EBE47F61}.Release|Any CPU.Build.0 = Release|Any CPU
		{DF1B3F6B-1074-4746-8E75-D80A442CAB01}.Debug|Any CPU.ActiveCfg = Debug|Any CPU
		{DF1B3F6B-1074-4746-8E75-D80A442CAB01}.Debug|Any CPU.Build.0 = Debug|Any CPU
		{DF1B3F6B-1074-4746-8E75-D80A442CAB01}.Release|Any CPU.ActiveCfg = Release|Any CPU
		{DF1B3F6B-1074-4746-8E75-D80A442CAB01}.Release|Any CPU.Build.0 = Release|Any CPU
		{A750B2E0-7BCF-44B7-B58B-AC0A2A93DFF4}.Debug|Any CPU.ActiveCfg = Debug|Any CPU
		{A750B2E0-7BCF-44B7-B58B-AC0A2A93DFF4}.Debug|Any CPU.Build.0 = Debug|Any CPU
		{A750B2E0-7BCF-44B7-B58B-AC0A2A93DFF4}.Release|Any CPU.ActiveCfg = Release|Any CPU
		{A750B2E0-7BCF-44B7-B58B-AC0A2A93DFF4}.Release|Any CPU.Build.0 = Release|Any CPU
		{C8C678F6-F3CD-4780-8A75-86B685E09000}.Debug|Any CPU.ActiveCfg = Debug|Any CPU
		{C8C678F6-F3CD-4780-8A75-86B685E09000}.Debug|Any CPU.Build.0 = Debug|Any CPU
		{C8C678F6-F3CD-4780-8A75-86B685E09000}.Release|Any CPU.ActiveCfg = Release|Any CPU
		{C8C678F6-F3CD-4780-8A75-86B685E09000}.Release|Any CPU.Build.0 = Release|Any CPU
	EndGlobalSection
	GlobalSection(SolutionProperties) = preSolution
		HideSolutionNode = FALSE
	EndGlobalSection
	GlobalSection(ExtensibilityGlobals) = postSolution
		SolutionGuid = {BA6578EA-C4FA-4DD9-8EAA-4ED69D9411EE}
	EndGlobalSection
EndGlobal
